
Microsoft Visual Studio Solution File, Format Version 12.00
# Visual Studio 14
VisualStudioVersion = 14.0.25123.0
MinimumVisualStudioVersion = 10.0.40219.1
Project("{FAE04EC0-301F-11D3-BF4B-00C04F79EFBC}") = "AspNetTest", "AspNetTest\AspNetTest.csproj", "{F93CA55E-0351-4B7C-B399-E701D75EA054}"
EndProject
Project("{FAE04EC0-301F-11D3-BF4B-00C04F79EFBC}") = "ClassLibraryRepository", "..\..\..\__MACUPDATEOBJECTS\ClassLibraryRepository\ClassLibraryRepository.csproj", "{F10093F5-78F0-4624-B6E4-ECBFB9AC600B}"
EndProject
Global
	GlobalSection(SolutionConfigurationPlatforms) = preSolution
		Debug|Any CPU = Debug|Any CPU
		Release|Any CPU = Release|Any CPU
	EndGlobalSection
	GlobalSection(ProjectConfigurationPlatforms) = postSolution
		{F93CA55E-0351-4B7C-B399-E701D75EA054}.Debug|Any CPU.ActiveCfg = Debug|Any CPU
		{F93CA55E-0351-4B7C-B399-E701D75EA054}.Debug|Any CPU.Build.0 = Debug|Any CPU
		{F93CA55E-0351-4B7C-B399-E701D75EA054}.Release|Any CPU.ActiveCfg = Release|Any CPU
		{F93CA55E-0351-4B7C-B399-E701D75EA054}.Release|Any CPU.Build.0 = Release|Any CPU
		{F10093F5-78F0-4624-B6E4-ECBFB9AC600B}.Debug|Any CPU.ActiveCfg = Debug|Any CPU
		{F10093F5-78F0-4624-B6E4-ECBFB9AC600B}.Debug|Any CPU.Build.0 = Debug|Any CPU
		{F10093F5-78F0-4624-B6E4-ECBFB9AC600B}.Release|Any CPU.ActiveCfg = Release|Any CPU
		{F10093F5-78F0-4624-B6E4-ECBFB9AC600B}.Release|Any CPU.Build.0 = Release|Any CPU
	EndGlobalSection
	GlobalSection(SolutionProperties) = preSolution
		HideSolutionNode = FALSE
	EndGlobalSection
EndGlobal
